PODS:
  - Crashlytics (3.8.5):
    - Fabric (~> 1.6.3)
  - Fabric (1.6.12)
  - Socket.IO-Client-Swift (10.2.0)

DEPENDENCIES:
  - Crashlytics
  - Fabric
  - Socket.IO-Client-Swift (~> 10.0)

SPEC CHECKSUMS:
  Crashlytics: dfbae35ef22ca189240d230ad501feea4ee85d2d
  Fabric: f050464eac45a2ce5a8e6e6a07e977c0df32fe28
  Socket.IO-Client-Swift: ecd7fe4d2746a7557e71c2d6e95e23e3be31ddd1

PODFILE CHECKSUM: 7c54b1d1eec61c9ca6b029e03939d5ea0e6e9c28

COCOAPODS: 1.2.1
