// !$*UTF8*$!
{
	archiveVersion = 1;
	classes = {
	};
	objectVersion = 46;
	objects = {

/* Begin PBXBuildFile section */
		F93772261E3630BB00973764 /* CameraVC.swift in Sources */ = {isa = PBXBuildFile; fileRef = F93772251E3630BB00973764 /* CameraVC.swift */; };
		F95348721E4C96E30096CAB1 /* TabBarVC.swift in Sources */ = {isa = PBXBuildFile; fileRef = F95348711E4C96E30096CAB1 /* TabBarVC.swift */; };
		F97706CB1E21FBD500A52F27 /* 003.jpg in Resources */ = {isa = PBXBuildFile; fileRef = F97706CA1E21FBD500A52F27 /* 003.jpg */; };
		F9A026451E4C847E00CFBF1C /* MyMedia.swift in Sources */ = {isa = PBXBuildFile; fileRef = F9A026441E4C847E00CFBF1C /* MyMedia.swift */; };
		F9AAD98B1E2118CD00A54488 /* AppDelegate.swift in Sources */ = {isa = PBXBuildFile; fileRef = F9AAD98A1E2118CD00A54488 /* AppDelegate.swift */; };
		F9AAD98D1E2118CD00A54488 /* ScrollVC.swift in Sources */ = {isa = PBXBuildFile; fileRef = F9AAD98C1E2118CD00A54488 /* ScrollVC.swift */; };
		F9AAD9901E2118CD00A54488 /* Main.storyboard in Resources */ = {isa = PBXBuildFile; fileRef = F9AAD98E1E2118CD00A54488 /* Main.storyboard */; };
		F9AAD9921E2118CD00A54488 /* Assets.xcassets in Resources */ = {isa = PBXBuildFile; fileRef = F9AAD9911E2118CD00A54488 /* Assets.xcassets */; };
		F9AAD9951E2118CD00A54488 /* LaunchScreen.storyboard in Resources */ = {isa = PBXBuildFile; fileRef = F9AAD9931E2118CD00A54488 /* LaunchScreen.storyboard */; };
		F9D1F57F1E212C1600716129 /* face-5.jpg in Resources */ = {isa = PBXBuildFile; fileRef = F9D1F57E1E212C1600716129 /* face-5.jpg */; };
		F9D1F5811E212EAE00716129 /* face-1.jpg in Resources */ = {isa = PBXBuildFile; fileRef = F9D1F5801E212EAE00716129 /* face-1.jpg */; };
		F9EE8C551E3CAA5100A3596E /* MapVC.swift in Sources */ = {isa = PBXBuildFile; fileRef = F9EE8C541E3CAA5100A3596E /* MapVC.swift */; };
		F9EEDA9F1E2FAD7C00CD853D /* CollectionVC.swift in Sources */ = {isa = PBXBuildFile; fileRef = F9EEDA9E1E2FAD7C00CD853D /* CollectionVC.swift */; };
		F9EEDAA11E2FAFB600CD853D /* MyCell.swift in Sources */ = {isa = PBXBuildFile; fileRef = F9EEDAA01E2FAFB600CD853D /* MyCell.swift */; };
		F9F823291E3CACF100388F9E /* MapKit.framework in Frameworks */ = {isa = PBXBuildFile; fileRef = F9F823281E3CACF100388F9E /* MapKit.framework */; };
/* End PBXBuildFile section */

/* Begin PBXFileReference section */
		F923FA511E592E7200EC8B99 /* itsmylife.entitlements */ = {isa = PBXFileReference; lastKnownFileType = text.plist.entitlements; path = itsmylife.entitlements; sourceTree = "<group>"; };
		F93772251E3630BB00973764 /* CameraVC.swift */ = {isa = PBXFileReference; fileEncoding = 4; lastKnownFileType = sourcecode.swift; path = CameraVC.swift; sourceTree = "<group>"; };
		F95348711E4C96E30096CAB1 /* TabBarVC.swift */ = {isa = PBXFileReference; fileEncoding = 4; lastKnownFileType = sourcecode.swift; path = TabBarVC.swift; sourceTree = "<group>"; };
		F97706CA1E21FBD500A52F27 /* 003.jpg */ = {isa = PBXFileReference; lastKnownFileType = image.jpeg; path = 003.jpg; sourceTree = "<group>"; };
		F9A026441E4C847E00CFBF1C /* MyMedia.swift */ = {isa = PBXFileReference; fileEncoding = 4; lastKnownFileType = sourcecode.swift; path = MyMedia.swift; sourceTree = "<group>"; };
		F9AAD9871E2118CD00A54488 /* itsmylife.app */ = {isa = PBXFileReference; explicitFileType = wrapper.application; includeInIndex = 0; path = itsmylife.app; sourceTree = BUILT_PRODUCTS_DIR; };
		F9AAD98A1E2118CD00A54488 /* AppDelegate.swift */ = {isa = PBXFileReference; lastKnownFileType = sourcecode.swift; path = AppDelegate.swift; sourceTree = "<group>"; };
		F9AAD98C1E2118CD00A54488 /* ScrollVC.swift */ = {isa = PBXFileReference; lastKnownFileType = sourcecode.swift; path = ScrollVC.swift; sourceTree = "<group>"; };
		F9AAD98F1E2118CD00A54488 /* Base */ = {isa = PBXFileReference; lastKnownFileType = file.storyboard; name = Base; path = Base.lproj/Main.storyboard; sourceTree = "<group>"; };
		F9AAD9911E2118CD00A54488 /* Assets.xcassets */ = {isa = PBXFileReference; lastKnownFileType = folder.assetcatalog; path = Assets.xcassets; sourceTree = "<group>"; };
		F9AAD9941E2118CD00A54488 /* Base */ = {isa = PBXFileReference; lastKnownFileType = file.storyboard; name = Base; path = Base.lproj/LaunchScreen.storyboard; sourceTree = "<group>"; };
		F9AAD9961E2118CE00A54488 /* Info.plist */ = {isa = PBXFileReference; lastKnownFileType = text.plist.xml; path = Info.plist; sourceTree = "<group>"; };
		F9D1F57E1E212C1600716129 /* face-5.jpg */ = {isa = PBXFileReference; lastKnownFileType = image.jpeg; path = "face-5.jpg"; sourceTree = "<group>"; };
		F9D1F5801E212EAE00716129 /* face-1.jpg */ = {isa = PBXFileReference; lastKnownFileType = image.jpeg; path = "face-1.jpg"; sourceTree = "<group>"; };
		F9EE8C541E3CAA5100A3596E /* MapVC.swift */ = {isa = PBXFileReference; fileEncoding = 4; lastKnownFileType = sourcecode.swift; path = MapVC.swift; sourceTree = "<group>"; };
		F9EEDA9E1E2FAD7C00CD853D /* CollectionVC.swift */ = {isa = PBXFileReference; fileEncoding = 4; lastKnownFileType = sourcecode.swift; path = CollectionVC.swift; sourceTree = "<group>"; };
		F9EEDAA01E2FAFB600CD853D /* MyCell.swift */ = {isa = PBXFileReference; fileEncoding = 4; lastKnownFileType = sourcecode.swift; path = MyCell.swift; sourceTree = "<group>"; };
		F9F823281E3CACF100388F9E /* MapKit.framework */ = {isa = PBXFileReference; lastKnownFileType = wrapper.framework; name = MapKit.framework; path = System/Library/Frameworks/MapKit.framework; sourceTree = SDKROOT; };
/* End PBXFileReference section */

/* Begin PBXFrameworksBuildPhase section */
		F9AAD9841E2118CD00A54488 /* Frameworks */ = {
			isa = PBXFrameworksBuildPhase;
			buildActionMask = 2147483647;
			files = (
				F9F823291E3CACF100388F9E /* MapKit.framework in Frameworks */,
			);
			runOnlyForDeploymentPostprocessing = 0;
		};
/* End PBXFrameworksBuildPhase section */

/* Begin PBXGroup section */
		F97706CD1E21FE4900A52F27 /* picture */ = {
			isa = PBXGroup;
			children = (
				F97706CA1E21FBD500A52F27 /* 003.jpg */,
				F9D1F57E1E212C1600716129 /* face-5.jpg */,
				F9D1F5801E212EAE00716129 /* face-1.jpg */,
			);
			name = picture;
			sourceTree = "<group>";
		};
		F9AAD97E1E2118CD00A54488 = {
			isa = PBXGroup;
			children = (
				F9AAD9891E2118CD00A54488 /* itsmylife */,
				F9AAD9881E2118CD00A54488 /* Products */,
				F9F823271E3CACF100388F9E /* Frameworks */,
			);
			sourceTree = "<group>";
		};
		F9AAD9881E2118CD00A54488 /* Products */ = {
			isa = PBXGroup;
			children = (
				F9AAD9871E2118CD00A54488 /* itsmylife.app */,
			);
			name = Products;
			sourceTree = "<group>";
		};
		F9AAD9891E2118CD00A54488 /* itsmylife */ = {
			isa = PBXGroup;
			children = (
				F923FA511E592E7200EC8B99 /* itsmylife.entitlements */,
				F9AAD98A1E2118CD00A54488 /* AppDelegate.swift */,
				F9AAD98C1E2118CD00A54488 /* ScrollVC.swift */,
				F9AAD98E1E2118CD00A54488 /* Main.storyboard */,
				F95348711E4C96E30096CAB1 /* TabBarVC.swift */,
				F9EE8C541E3CAA5100A3596E /* MapVC.swift */,
				F9EEDA9E1E2FAD7C00CD853D /* CollectionVC.swift */,
				F93772251E3630BB00973764 /* CameraVC.swift */,
				F9EEDAA01E2FAFB600CD853D /* MyCell.swift */,
				F9A026441E4C847E00CFBF1C /* MyMedia.swift */,
				F9AAD9911E2118CD00A54488 /* Assets.xcassets */,
				F9AAD9931E2118CD00A54488 /* LaunchScreen.storyboard */,
				F9AAD9961E2118CE00A54488 /* Info.plist */,
				F97706CD1E21FE4900A52F27 /* picture */,
			);
			path = itsmylife;
			sourceTree = "<group>";
		};
		F9F823271E3CACF100388F9E /* Frameworks */ = {
			isa = PBXGroup;
			children = (
				F9F823281E3CACF100388F9E /* MapKit.framework */,
			);
			name = Frameworks;
			sourceTree = "<group>";
		};
/* End PBXGroup section */

/* Begin PBXNativeTarget section */
		F9AAD9861E2118CD00A54488 /* itsmylife */ = {
			isa = PBXNativeTarget;
			buildConfigurationList = F9AAD9991E2118CE00A54488 /* Build configuration list for PBXNativeTarget "itsmylife" */;
			buildPhases = (
				F9AAD9831E2118CD00A54488 /* Sources */,
				F9AAD9841E2118CD00A54488 /* Frameworks */,
				F9AAD9851E2118CD00A54488 /* Resources */,
			);
			buildRules = (
			);
			dependencies = (
			);
			name = itsmylife;
			productName = itsmylife;
			productReference = F9AAD9871E2118CD00A54488 /* itsmylife.app */;
			productType = "com.apple.product-type.application";
		};
/* End PBXNativeTarget section */

/* Begin PBXProject section */
		F9AAD97F1E2118CD00A54488 /* Project object */ = {
			isa = PBXProject;
			attributes = {
				LastSwiftUpdateCheck = 0820;
				LastUpgradeCheck = 0820;
				ORGANIZATIONNAME = "楊健麟";
				TargetAttributes = {
					F9AAD9861E2118CD00A54488 = {
						CreatedOnToolsVersion = 8.2.1;
						DevelopmentTeam = DX2XU755YA;
						ProvisioningStyle = Automatic;
						SystemCapabilities = {
							com.apple.Maps.iOS = {
								enabled = 1;
							};
							com.apple.Push = {
								enabled = 1;
							};
						};
					};
				};
			};
			buildConfigurationList = F9AAD9821E2118CD00A54488 /* Build configuration list for PBXProject "itsmylife" */;
			compatibilityVersion = "Xcode 3.2";
			developmentRegion = English;
			hasScannedForEncodings = 0;
			knownRegions = (
				en,
				Base,
			);
			mainGroup = F9AAD97E1E2118CD00A54488;
			productRefGroup = F9AAD9881E2118CD00A54488 /* Products */;
			projectDirPath = "";
			projectRoot = "";
			targets = (
				F9AAD9861E2118CD00A54488 /* itsmylife */,
			);
		};
/* End PBXProject section */

/* Begin PBXResourcesBuildPhase section */
		F9AAD9851E2118CD00A54488 /* Resources */ = {
			isa = PBXResourcesBuildPhase;
			buildActionMask = 2147483647;
			files = (
				F9AAD9951E2118CD00A54488 /* LaunchScreen.storyboard in Resources */,
				F9AAD9921E2118CD00A54488 /* Assets.xcassets in Resources */,
				F9D1F57F1E212C1600716129 /* face-5.jpg in Resources */,
				F97706CB1E21FBD500A52F27 /* 003.jpg in Resources */,
				F9D1F5811E212EAE00716129 /* face-1.jpg in Resources */,
				F9AAD9901E2118CD00A54488 /* Main.storyboard in Resources */,
			);
			runOnlyForDeploymentPostprocessing = 0;
		};
/* End PBXResourcesBuildPhase section */

/* Begin PBXSourcesBuildPhase section */
		F9AAD9831E2118CD00A54488 /* Sources */ = {
			isa = PBXSourcesBuildPhase;
			buildActionMask = 2147483647;
			files = (
				F9EEDA9F1E2FAD7C00CD853D /* CollectionVC.swift in Sources */,
				F9EEDAA11E2FAFB600CD853D /* MyCell.swift in Sources */,
				F9AAD98D1E2118CD00A54488 /* ScrollVC.swift in Sources */,
				F9EE8C551E3CAA5100A3596E /* MapVC.swift in Sources */,
				F95348721E4C96E30096CAB1 /* TabBarVC.swift in Sources */,
				F93772261E3630BB00973764 /* CameraVC.swift in Sources */,
				F9A026451E4C847E00CFBF1C /* MyMedia.swift in Sources */,
				F9AAD98B1E2118CD00A54488 /* AppDelegate.swift in Sources */,
			);
			runOnlyForDeploymentPostprocessing = 0;
		};
/* End PBXSourcesBuildPhase section */

/* Begin PBXVariantGroup section */
		F9AAD98E1E2118CD00A54488 /* Main.storyboard */ = {
			isa = PBXVariantGroup;
			children = (
				F9AAD98F1E2118CD00A54488 /* Base */,
			);
			name = Main.storyboard;
			sourceTree = "<group>";
		};
		F9AAD9931E2118CD00A54488 /* LaunchScreen.storyboard */ = {
			isa = PBXVariantGroup;
			children = (
				F9AAD9941E2118CD00A54488 /* Base */,
			);
			name = LaunchScreen.storyboard;
			sourceTree = "<group>";
		};
/* End PBXVariantGroup section */

/* Begin XCBuildConfiguration section */
		F9AAD9971E2118CE00A54488 /* Debug */ = {
			isa = XCBuildConfiguration;
			buildSettings = {
				ALWAYS_SEARCH_USER_PATHS = NO;
				CLANG_ANALYZER_NONNULL = YES;
				CLANG_CXX_LANGUAGE_STANDARD = "gnu++0x";
				CLANG_CXX_LIBRARY = "libc++";
				CLANG_ENABLE_MODULES = YES;
				CLANG_ENABLE_OBJC_ARC = YES;
				CLANG_WARN_BOOL_CONVERSION = YES;
				CLANG_WARN_CONSTANT_CONVERSION = YES;
				CLANG_WARN_DIRECT_OBJC_ISA_USAGE = YES_ERROR;
				CLANG_WARN_DOCUMENTATION_COMMENTS = YES;
				CLANG_WARN_EMPTY_BODY = YES;
				CLANG_WARN_ENUM_CONVERSION = YES;
				CLANG_WARN_INFINITE_RECURSION = YES;
				CLANG_WARN_INT_CONVERSION = YES;
				CLANG_WARN_OBJC_ROOT_CLASS = YES_ERROR;
				CLANG_WARN_SUSPICIOUS_MOVE = YES;
				CLANG_WARN_UNREACHABLE_CODE = YES;
				CLANG_WARN__DUPLICATE_METHOD_MATCH = YES;
				CODE_SIGN_IDENTITY = "";
				"CODE_SIGN_IDENTITY[sdk=iphoneos*]" = "iPhone Developer";
				COPY_PHASE_STRIP = NO;
				DEBUG_INFORMATION_FORMAT = dwarf;
				ENABLE_STRICT_OBJC_MSGSEND = YES;
				ENABLE_TESTABILITY = YES;
				GCC_C_LANGUAGE_STANDARD = gnu99;
				GCC_DYNAMIC_NO_PIC = NO;
				GCC_NO_COMMON_BLOCKS = YES;
				GCC_OPTIMIZATION_LEVEL = 0;
				GCC_PREPROCESSOR_DEFINITIONS = (
					"DEBUG=1",
					"$(inherited)",
				);
				GCC_WARN_64_TO_32_BIT_CONVERSION = YES;
				GCC_WARN_ABOUT_RETURN_TYPE = YES_ERROR;
				GCC_WARN_UNDECLARED_SELECTOR = YES;
				GCC_WARN_UNINITIALIZED_AUTOS = YES_AGGRESSIVE;
				GCC_WARN_UNUSED_FUNCTION = YES;
				GCC_WARN_UNUSED_VARIABLE = YES;
				IPHONEOS_DEPLOYMENT_TARGET = 8.0;
				MTL_ENABLE_DEBUG_INFO = YES;
				ONLY_ACTIVE_ARCH = YES;
				SDKROOT = iphoneos;
				SWIFT_ACTIVE_COMPILATION_CONDITIONS = DEBUG;
				SWIFT_OPTIMIZATION_LEVEL = "-Onone";
				TARGETED_DEVICE_FAMILY = "1,2";
			};
			name = Debug;
		};
		F9AAD9981E2118CE00A54488 /* Release */ = {
			isa = XCBuildConfiguration;
			buildSettings = {
				ALWAYS_SEARCH_USER_PATHS = NO;
				CLANG_ANALYZER_NONNULL = YES;
				CLANG_CXX_LANGUAGE_STANDARD = "gnu++0x";
				CLANG_CXX_LIBRARY = "libc++";
				CLANG_ENABLE_MODULES = YES;
				CLANG_ENABLE_OBJC_ARC = YES;
				CLANG_WARN_BOOL_CONVERSION = YES;
				CLANG_WARN_CONSTANT_CONVERSION = YES;
				CLANG_WARN_DIRECT_OBJC_ISA_USAGE = YES_ERROR;
				CLANG_WARN_DOCUMENTATION_COMMENTS = YES;
				CLANG_WARN_EMPTY_BODY = YES;
				CLANG_WARN_ENUM_CONVERSION = YES;
				CLANG_WARN_INFINITE_RECURSION = YES;
				CLANG_WARN_INT_CONVERSION = YES;
				CLANG_WARN_OBJC_ROOT_CLASS = YES_ERROR;
				CLANG_WARN_SUSPICIOUS_MOVE = YES;
				CLANG_WARN_UNREACHABLE_CODE = YES;
				CLANG_WARN__DUPLICATE_METHOD_MATCH = YES;
				"CODE_SIGN_IDENTITY[sdk=iphoneos*]" = "iPhone Developer";
				COPY_PHASE_STRIP = NO;
				DEBUG_INFORMATION_FORMAT = "dwarf-with-dsym";
				ENABLE_NS_ASSERTIONS = NO;
				ENABLE_STRICT_OBJC_MSGSEND = YES;
				GCC_C_LANGUAGE_STANDARD = gnu99;
				GCC_NO_COMMON_BLOCKS = YES;
				GCC_WARN_64_TO_32_BIT_CONVERSION = YES;
				GCC_WARN_ABOUT_RETURN_TYPE = YES_ERROR;
				GCC_WARN_UNDECLARED_SELECTOR = YES;
				GCC_WARN_UNINITIALIZED_AUTOS = YES_AGGRESSIVE;
				GCC_WARN_UNUSED_FUNCTION = YES;
				GCC_WARN_UNUSED_VARIABLE = YES;
				IPHONEOS_DEPLOYMENT_TARGET = 8.0;
				MTL_ENABLE_DEBUG_INFO = NO;
				SDKROOT = iphoneos;
				SWIFT_OPTIMIZATION_LEVEL = "-Owholemodule";
				TARGETED_DEVICE_FAMILY = "1,2";
				VALIDATE_PRODUCT = YES;
			};
			name = Release;
		};
		F9AAD99A1E2118CE00A54488 /* Debug */ = {
			isa = XCBuildConfiguration;
			buildSettings = {
				ASSETCATALOG_COMPILER_APPICON_NAME = AppIcon;
				CODE_SIGN_ENTITLEMENTS = itsmylife/itsmylife.entitlements;
				DEVELOPMENT_TEAM = DX2XU755YA;
				INFOPLIST_FILE = itsmylife/Info.plist;
				IPHONEOS_DEPLOYMENT_TARGET = 10.0;
				LD_RUNPATH_SEARCH_PATHS = "$(inherited) @executable_path/Frameworks";
				PRODUCT_BUNDLE_IDENTIFIER = dsy13.itsmylife;
				PRODUCT_NAME = "$(TARGET_NAME)";
				SWIFT_VERSION = 3.0;
			};
			name = Debug;
		};
		F9AAD99B1E2118CE00A54488 /* Release */ = {
			isa = XCBuildConfiguration;
			buildSettings = {
				ASSETCATALOG_COMPILER_APPICON_NAME = AppIcon;
				CODE_SIGN_ENTITLEMENTS = itsmylife/itsmylife.entitlements;
				DEVELOPMENT_TEAM = DX2XU755YA;
				INFOPLIST_FILE = itsmylife/Info.plist;
				IPHONEOS_DEPLOYMENT_TARGET = 10.0;
				LD_RUNPATH_SEARCH_PATHS = "$(inherited) @executable_path/Frameworks";
				PRODUCT_BUNDLE_IDENTIFIER = dsy13.itsmylife;
				PRODUCT_NAME = "$(TARGET_NAME)";
				SWIFT_VERSION = 3.0;
			};
			name = Release;
		};
/* End XCBuildConfiguration section */

/* Begin XCConfigurationList section */
		F9AAD9821E2118CD00A54488 /* Build configuration list for PBXProject "itsmylife" */ = {
			isa = XCConfigurationList;
			buildConfigurations = (
				F9AAD9971E2118CE00A54488 /* Debug */,
				F9AAD9981E2118CE00A54488 /* Release */,
			);
			defaultConfigurationIsVisible = 0;
			defaultConfigurationName = Release;
		};
		F9AAD9991E2118CE00A54488 /* Build configuration list for PBXNativeTarget "itsmylife" */ = {
			isa = XCConfigurationList;
			buildConfigurations = (
				F9AAD99A1E2118CE00A54488 /* Debug */,
				F9AAD99B1E2118CE00A54488 /* Release */,
			);
			defaultConfigurationIsVisible = 0;
			defaultConfigurationName = Release;
		};
/* End XCConfigurationList section */
	};
	rootObject = F9AAD97F1E2118CD00A54488 /* Project object */;
}
